// !$*UTF8*$!
{
	archiveVersion = 1;
	classes = {
	};
	objectVersion = 46;
	objects = {

/* Begin PBXBuildFile section */
		8DC895D51B2172B900D995A1 /* main.m in Sources */ = {isa = PBXBuildFile; fileRef = 8DC895D41B2172B900D995A1 /* main.m */; };
		8DC895D81B2172B900D995A1 /* AppDelegate.m in Sources */ = {isa = PBXBuildFile; fileRef = 8DC895D71B2172B900D995A1 /* AppDelegate.m */; };
		8DC895DB1B2172B900D995A1 /* LoginViewController.m in Sources */ = {isa = PBXBuildFile; fileRef = 8DC895DA1B2172B900D995A1 /* LoginViewController.m */; };
		8DC895DE1B2172B900D995A1 /* Main.storyboard in Resources */ = {isa = PBXBuildFile; fileRef = 8DC895DC1B2172B900D995A1 /* Main.storyboard */; };
		8DC895E01B2172B900D995A1 /* Images.xcassets in Resources */ = {isa = PBXBuildFile; fileRef = 8DC895DF1B2172B900D995A1 /* Images.xcassets */; };
		8DC895E31B2172B900D995A1 /* LaunchScreen.xib in Resources */ = {isa = PBXBuildFile; fileRef = 8DC895E11B2172B900D995A1 /* LaunchScreen.xib */; };
		8DC895EF1B2172BA00D995A1 /* MyRoppingAppTests.m in Sources */ = {isa = PBXBuildFile; fileRef = 8DC895EE1B2172BA00D995A1 /* MyRoppingAppTests.m */; };
		8DC895FE1B219C3A00D995A1 /* CollectionViewController.m in Sources */ = {isa = PBXBuildFile; fileRef = 8DC895FD1B219C3A00D995A1 /* CollectionViewController.m */; };
		8DD480141B2570CE00006823 /* MyRoppingItem.m in Sources */ = {isa = PBXBuildFile; fileRef = 8DD480131B2570CE00006823 /* MyRoppingItem.m */; };
/* End PBXBuildFile section */

/* Begin PBXContainerItemProxy section */
		8DC895E91B2172BA00D995A1 /* PBXContainerItemProxy */ = {
			isa = PBXContainerItemProxy;
			containerPortal = 8DC895C71B2172B900D995A1 /* Project object */;
			proxyType = 1;
			remoteGlobalIDString = 8DC895CE1B2172B900D995A1;
			remoteInfo = MyRoppingApp;
		};
/* End PBXContainerItemProxy section */

/* Begin PBXFileReference section */
		8DC895CF1B2172B900D995A1 /* MyRoppingApp.app */ = {isa = PBXFileReference; explicitFileType = wrapper.application; includeInIndex = 0; path = MyRoppingApp.app; sourceTree = BUILT_PRODUCTS_DIR; };
		8DC895D31B2172B900D995A1 /* Info.plist */ = {isa = PBXFileReference; lastKnownFileType = text.plist.xml; path = Info.plist; sourceTree = "<group>"; };
		8DC895D41B2172B900D995A1 /* main.m */ = {isa = PBXFileReference; lastKnownFileType = sourcecode.c.objc; path = main.m; sourceTree = "<group>"; };
		8DC895D61B2172B900D995A1 /* AppDelegate.h */ = {isa = PBXFileReference; lastKnownFileType = sourcecode.c.h; path = AppDelegate.h; sourceTree = "<group>"; };
		8DC895D71B2172B900D995A1 /* AppDelegate.m */ = {isa = PBXFileReference; lastKnownFileType = sourcecode.c.objc; path = AppDelegate.m; sourceTree = "<group>"; };
		8DC895D91B2172B900D995A1 /* LoginViewController.h */ = {isa = PBXFileReference; lastKnownFileType = sourcecode.c.h; path = LoginViewController.h; sourceTree = "<group>"; };
		8DC895DA1B2172B900D995A1 /* LoginViewController.m */ = {isa = PBXFileReference; lastKnownFileType = sourcecode.c.objc; path = LoginViewController.m; sourceTree = "<group>"; };
		8DC895DD1B2172B900D995A1 /* Base */ = {isa = PBXFileReference; lastKnownFileType = file.storyboard; name = Base; path = Base.lproj/Main.storyboard; sourceTree = "<group>"; };
		8DC895DF1B2172B900D995A1 /* Images.xcassets */ = {isa = PBXFileReference; lastKnownFileType = folder.assetcatalog; path = Images.xcassets; sourceTree = "<group>"; };
		8DC895E21B2172B900D995A1 /* Base */ = {isa = PBXFileReference; lastKnownFileType = file.xib; name = Base; path = Base.lproj/LaunchScreen.xib; sourceTree = "<group>"; };
		8DC895E81B2172BA00D995A1 /* MyRoppingAppTests.xctest */ = {isa = PBXFileReference; explicitFileType = wrapper.cfbundle; includeInIndex = 0; path = MyRoppingAppTests.xctest; sourceTree = BUILT_PRODUCTS_DIR; };
		8DC895ED1B2172BA00D995A1 /* Info.plist */ = {isa = PBXFileReference; lastKnownFileType = text.plist.xml; path = Info.plist; sourceTree = "<group>"; };
		8DC895EE1B2172BA00D995A1 /* MyRoppingAppTests.m */ = {isa = PBXFileReference; lastKnownFileType = sourcecode.c.objc; path = MyRoppingAppTests.m; sourceTree = "<group>"; };
		8DC895FC1B219C3A00D995A1 /* CollectionViewController.h */ = {isa = PBXFileReference; fileEncoding = 4; lastKnownFileType = sourcecode.c.h; path = CollectionViewController.h; sourceTree = "<group>"; };
		8DC895FD1B219C3A00D995A1 /* CollectionViewController.m */ = {isa = PBXFileReference; fileEncoding = 4; lastKnownFileType = sourcecode.c.objc; path = CollectionViewController.m; sourceTree = "<group>"; };
		8DD480121B2570CE00006823 /* MyRoppingItem.h */ = {isa = PBXFileReference; fileEncoding = 4; lastKnownFileType = sourcecode.c.h; path = MyRoppingItem.h; sourceTree = "<group>"; };
		8DD480131B2570CE00006823 /* MyRoppingItem.m */ = {isa = PBXFileReference; fileEncoding = 4; lastKnownFileType = sourcecode.c.objc; path = MyRoppingItem.m; sourceTree = "<group>"; };
/* End PBXFileReference section */

/* Begin PBXFrameworksBuildPhase section */
		8DC895CC1B2172B900D995A1 /* Frameworks */ = {
			isa = PBXFrameworksBuildPhase;
			buildActionMask = 2147483647;
			files = (
			);
			runOnlyForDeploymentPostprocessing = 0;
		};
		8DC895E51B2172BA00D995A1 /* Frameworks */ = {
			isa = PBXFrameworksBuildPhase;
			buildActionMask = 2147483647;
			files = (
			);
			runOnlyForDeploymentPostprocessing = 0;
		};
/* End PBXFrameworksBuildPhase section */

/* Begin PBXGroup section */
		8DC895C61B2172B900D995A1 = {
			isa = PBXGroup;
			children = (
				8DC895D11B2172B900D995A1 /* MyRoppingApp */,
				8DC895EB1B2172BA00D995A1 /* MyRoppingAppTests */,
				8DC895D01B2172B900D995A1 /* Products */,
			);
			sourceTree = "<group>";
		};
		8DC895D01B2172B900D995A1 /* Products */ = {
			isa = PBXGroup;
			children = (
				8DC895CF1B2172B900D995A1 /* MyRoppingApp.app */,
				8DC895E81B2172BA00D995A1 /* MyRoppingAppTests.xctest */,
			);
			name = Products;
			sourceTree = "<group>";
		};
		8DC895D11B2172B900D995A1 /* MyRoppingApp */ = {
			isa = PBXGroup;
			children = (
				8DC895D61B2172B900D995A1 /* AppDelegate.h */,
				8DC895D71B2172B900D995A1 /* AppDelegate.m */,
				8DC895D91B2172B900D995A1 /* LoginViewController.h */,
				8DC895DA1B2172B900D995A1 /* LoginViewController.m */,
				8DC895DC1B2172B900D995A1 /* Main.storyboard */,
				8DC895FC1B219C3A00D995A1 /* CollectionViewController.h */,
				8DC895FD1B219C3A00D995A1 /* CollectionViewController.m */,
				8DD480121B2570CE00006823 /* MyRoppingItem.h */,
				8DD480131B2570CE00006823 /* MyRoppingItem.m */,
				8DC895DF1B2172B900D995A1 /* Images.xcassets */,
				8DC895E11B2172B900D995A1 /* LaunchScreen.xib */,
				8DC895D21B2172B900D995A1 /* Supporting Files */,
			);
			path = MyRoppingApp;
			sourceTree = "<group>";
		};
		8DC895D21B2172B900D995A1 /* Supporting Files */ = {
			isa = PBXGroup;
			children = (
				8DC895D31B2172B900D995A1 /* Info.plist */,
				8DC895D41B2172B900D995A1 /* main.m */,
			);
			name = "Supporting Files";
			sourceTree = "<group>";
		};
		8DC895EB1B2172BA00D995A1 /* MyRoppingAppTests */ = {
			isa = PBXGroup;
			children = (
				8DC895EE1B2172BA00D995A1 /* MyRoppingAppTests.m */,
				8DC895EC1B2172BA00D995A1 /* Supporting Files */,
			);
			path = MyRoppingAppTests;
			sourceTree = "<group>";
		};
		8DC895EC1B2172BA00D995A1 /* Supporting Files */ = {
			isa = PBXGroup;
			children = (
				8DC895ED1B2172BA00D995A1 /* Info.plist */,
			);
			name = "Supporting Files";
			sourceTree = "<group>";
		};
/* End PBXGroup section */

/* Begin PBXNativeTarget section */
		8DC895CE1B2172B900D995A1 /* MyRoppingApp */ = {
			isa = PBXNativeTarget;
			buildConfigurationList = 8DC895F21B2172BA00D995A1 /* Build configuration list for PBXNativeTarget "MyRoppingApp" */;
			buildPhases = (
				8DC895CB1B2172B900D995A1 /* Sources */,
				8DC895CC1B2172B900D995A1 /* Frameworks */,
				8DC895CD1B2172B900D995A1 /* Resources */,
			);
			buildRules = (
			);
			dependencies = (
			);
			name = MyRoppingApp;
			productName = MyRoppingApp;
			productReference = 8DC895CF1B2172B900D995A1 /* MyRoppingApp.app */;
			productType = "com.apple.product-type.application";
		};
		8DC895E71B2172BA00D995A1 /* MyRoppingAppTests */ = {
			isa = PBXNativeTarget;
			buildConfigurationList = 8DC895F51B2172BA00D995A1 /* Build configuration list for PBXNativeTarget "MyRoppingAppTests" */;
			buildPhases = (
				8DC895E41B2172BA00D995A1 /* Sources */,
				8DC895E51B2172BA00D995A1 /* Frameworks */,
				8DC895E61B2172BA00D995A1 /* Resources */,
			);
			buildRules = (
			);
			dependencies = (
				8DC895EA1B2172BA00D995A1 /* PBXTargetDependency */,
			);
			name = MyRoppingAppTests;
			productName = MyRoppingAppTests;
			productReference = 8DC895E81B2172BA00D995A1 /* MyRoppingAppTests.xctest */;
			productType = "com.apple.product-type.bundle.unit-test";
		};
/* End PBXNativeTarget section */

/* Begin PBXProject section */
		8DC895C71B2172B900D995A1 /* Project object */ = {
			isa = PBXProject;
			attributes = {
				LastUpgradeCheck = 0620;
				ORGANIZATIONNAME = qburst;
				TargetAttributes = {
					8DC895CE1B2172B900D995A1 = {
						CreatedOnToolsVersion = 6.2;
					};
					8DC895E71B2172BA00D995A1 = {
						CreatedOnToolsVersion = 6.2;
						TestTargetID = 8DC895CE1B2172B900D995A1;
					};
				};
			};
			buildConfigurationList = 8DC895CA1B2172B900D995A1 /* Build configuration list for PBXProject "MyRoppingApp" */;
			compatibilityVersion = "Xcode 3.2";
			developmentRegion = English;
			hasScannedForEncodings = 0;
			knownRegions = (
				en,
				Base,
			);
			mainGroup = 8DC895C61B2172B900D995A1;
			productRefGroup = 8DC895D01B2172B900D995A1 /* Products */;
			projectDirPath = "";
			projectRoot = "";
			targets = (
				8DC895CE1B2172B900D995A1 /* MyRoppingApp */,
				8DC895E71B2172BA00D995A1 /* MyRoppingAppTests */,
			);
		};
/* End PBXProject section */

/* Begin PBXResourcesBuildPhase section */
		8DC895CD1B2172B900D995A1 /* Resources */ = {
			isa = PBXResourcesBuildPhase;
			buildActionMask = 2147483647;
			files = (
				8DC895DE1B2172B900D995A1 /* Main.storyboard in Resources */,
				8DC895E31B2172B900D995A1 /* LaunchScreen.xib in Resources */,
				8DC895E01B2172B900D995A1 /* Images.xcassets in Resources */,
			);
			runOnlyForDeploymentPostprocessing = 0;
		};
		8DC895E61B2172BA00D995A1 /* Resources */ = {
			isa = PBXResourcesBuildPhase;
			buildActionMask = 2147483647;
			files = (
			);
			runOnlyForDeploymentPostprocessing = 0;
		};
/* End PBXResourcesBuildPhase section */

/* Begin PBXSourcesBuildPhase section */
		8DC895CB1B2172B900D995A1 /* Sources */ = {
			isa = PBXSourcesBuildPhase;
			buildActionMask = 2147483647;
			files = (
				8DC895FE1B219C3A00D995A1 /* CollectionViewController.m in Sources */,
				8DD480141B2570CE00006823 /* MyRoppingItem.m in Sources */,
				8DC895DB1B2172B900D995A1 /* LoginViewController.m in Sources */,
				8DC895D81B2172B900D995A1 /* AppDelegate.m in Sources */,
				8DC895D51B2172B900D995A1 /* main.m in Sources */,
			);
			runOnlyForDeploymentPostprocessing = 0;
		};
		8DC895E41B2172BA00D995A1 /* Sources */ = {
			isa = PBXSourcesBuildPhase;
			buildActionMask = 2147483647;
			files = (
				8DC895EF1B2172BA00D995A1 /* MyRoppingAppTests.m in Sources */,
			);
			runOnlyForDeploymentPostprocessing = 0;
		};
/* End PBXSourcesBuildPhase section */

/* Begin PBXTargetDependency section */
		8DC895EA1B2172BA00D995A1 /* PBXTargetDependency */ = {
			isa = PBXTargetDependency;
			target = 8DC895CE1B2172B900D995A1 /* MyRoppingApp */;
			targetProxy = 8DC895E91B2172BA00D995A1 /* PBXContainerItemProxy */;
		};
/* End PBXTargetDependency section */

/* Begin PBXVariantGroup section */
		8DC895DC1B2172B900D995A1 /* Main.storyboard */ = {
			isa = PBXVariantGroup;
			children = (
				8DC895DD1B2172B900D995A1 /* Base */,
			);
			name = Main.storyboard;
			sourceTree = "<group>";
		};
		8DC895E11B2172B900D995A1 /* LaunchScreen.xib */ = {
			isa = PBXVariantGroup;
			children = (
				8DC895E21B2172B900D995A1 /* Base */,
			);
			name = LaunchScreen.xib;
			sourceTree = "<group>";
		};
/* End PBXVariantGroup section */

/* Begin XCBuildConfiguration section */
		8DC895F01B2172BA00D995A1 /* Debug */ = {
			isa = XCBuildConfiguration;
			buildSettings = {
				ALWAYS_SEARCH_USER_PATHS = NO;
				CLANG_CXX_LANGUAGE_STANDARD = "gnu++0x";
				CLANG_CXX_LIBRARY = "libc++";
				CLANG_ENABLE_MODULES = YES;
				CLANG_ENABLE_OBJC_ARC = YES;
				CLANG_WARN_BOOL_CONVERSION = YES;
				CLANG_WARN_CONSTANT_CONVERSION = YES;
				CLANG_WARN_DIRECT_OBJC_ISA_USAGE = YES_ERROR;
				CLANG_WARN_EMPTY_BODY = YES;
				CLANG_WARN_ENUM_CONVERSION = YES;
				CLANG_WARN_INT_CONVERSION = YES;
				CLANG_WARN_OBJC_ROOT_CLASS = YES_ERROR;
				CLANG_WARN_UNREACHABLE_CODE = YES;
				CLANG_WARN__DUPLICATE_METHOD_MATCH = YES;
				"CODE_SIGN_IDENTITY[sdk=iphoneos*]" = "iPhone Developer";
				COPY_PHASE_STRIP = NO;
				ENABLE_STRICT_OBJC_MSGSEND = YES;
				GCC_C_LANGUAGE_STANDARD = gnu99;
				GCC_DYNAMIC_NO_PIC = NO;
				GCC_OPTIMIZATION_LEVEL = 0;
				GCC_PREPROCESSOR_DEFINITIONS = (
					"DEBUG=1",
					"$(inherited)",
				);
				GCC_SYMBOLS_PRIVATE_EXTERN = NO;
				GCC_WARN_64_TO_32_BIT_CONVERSION = YES;
				GCC_WARN_ABOUT_RETURN_TYPE = YES_ERROR;
				GCC_WARN_UNDECLARED_SELECTOR = YES;
				GCC_WARN_UNINITIALIZED_AUTOS = YES_AGGRESSIVE;
				GCC_WARN_UNUSED_FUNCTION = YES;
				GCC_WARN_UNUSED_VARIABLE = YES;
				IPHONEOS_DEPLOYMENT_TARGET = 8.2;
				MTL_ENABLE_DEBUG_INFO = YES;
				ONLY_ACTIVE_ARCH = YES;
				SDKROOT = iphoneos;
				TARGETED_DEVICE_FAMILY = "1,2";
			};
			name = Debug;
		};
		8DC895F11B2172BA00D995A1 /* Release */ = {
			isa = XCBuildConfiguration;
			buildSettings = {
				ALWAYS_SEARCH_USER_PATHS = NO;
				CLANG_CXX_LANGUAGE_STANDARD = "gnu++0x";
				CLANG_CXX_LIBRARY = "libc++";
				CLANG_ENABLE_MODULES = YES;
				CLANG_ENABLE_OBJC_ARC = YES;
				CLANG_WARN_BOOL_CONVERSION = YES;
				CLANG_WARN_CONSTANT_CONVERSION = YES;
				CLANG_WARN_DIRECT_OBJC_ISA_USAGE = YES_ERROR;
				CLANG_WARN_EMPTY_BODY = YES;
				CLANG_WARN_ENUM_CONVERSION = YES;
				CLANG_WARN_INT_CONVERSION = YES;
				CLANG_WARN_OBJC_ROOT_CLASS = YES_ERROR;
				CLANG_WARN_UNREACHABLE_CODE = YES;
				CLANG_WARN__DUPLICATE_METHOD_MATCH = YES;
				"CODE_SIGN_IDENTITY[sdk=iphoneos*]" = "iPhone Developer";
				COPY_PHASE_STRIP = NO;
				ENABLE_NS_ASSERTIONS = NO;
				ENABLE_STRICT_OBJC_MSGSEND = YES;
				GCC_C_LANGUAGE_STANDARD = gnu99;
				GCC_WARN_64_TO_32_BIT_CONVERSION = YES;
				GCC_WARN_ABOUT_RETURN_TYPE = YES_ERROR;
				GCC_WARN_UNDECLARED_SELECTOR = YES;
				GCC_WARN_UNINITIALIZED_AUTOS = YES_AGGRESSIVE;
				GCC_WARN_UNUSED_FUNCTION = YES;
				GCC_WARN_UNUSED_VARIABLE = YES;
				IPHONEOS_DEPLOYMENT_TARGET = 8.2;
				MTL_ENABLE_DEBUG_INFO = NO;
				SDKROOT = iphoneos;
				TARGETED_DEVICE_FAMILY = "1,2";
				VALIDATE_PRODUCT = YES;
			};
			name = Release;
		};
		8DC895F31B2172BA00D995A1 /* Debug */ = {
			isa = XCBuildConfiguration;
			buildSettings = {
				ASSETCATALOG_COMPILER_APPICON_NAME = AppIcon;
				INFOPLIST_FILE = MyRoppingApp/Info.plist;
				LD_RUNPATH_SEARCH_PATHS = "$(inherited) @executable_path/Frameworks";
				PRODUCT_NAME = "$(TARGET_NAME)";
			};
			name = Debug;
		};
		8DC895F41B2172BA00D995A1 /* Release */ = {
			isa = XCBuildConfiguration;
			buildSettings = {
				ASSETCATALOG_COMPILER_APPICON_NAME = AppIcon;
				INFOPLIST_FILE = MyRoppingApp/Info.plist;
				LD_RUNPATH_SEARCH_PATHS = "$(inherited) @executable_path/Frameworks";
				PRODUCT_NAME = "$(TARGET_NAME)";
			};
			name = Release;
		};
		8DC895F61B2172BA00D995A1 /* Debug */ = {
			isa = XCBuildConfiguration;
			buildSettings = {
				BUNDLE_LOADER = "$(TEST_HOST)";
				FRAMEWORK_SEARCH_PATHS = (
					"$(SDKROOT)/Developer/Library/Frameworks",
					"$(inherited)",
				);
				GCC_PREPROCESSOR_DEFINITIONS = (
					"DEBUG=1",
					"$(inherited)",
				);
				INFOPLIST_FILE = MyRoppingAppTests/Info.plist;
				LD_RUNPATH_SEARCH_PATHS = "$(inherited) @executable_path/Frameworks @loader_path/Frameworks";
				PRODUCT_NAME = "$(TARGET_NAME)";
				TEST_HOST = "$(BUILT_PRODUCTS_DIR)/MyRoppingApp.app/MyRoppingApp";
			};
			name = Debug;
		};
		8DC895F71B2172BA00D995A1 /* Release */ = {
			isa = XCBuildConfiguration;
			buildSettings = {
				BUNDLE_LOADER = "$(TEST_HOST)";
				FRAMEWORK_SEARCH_PATHS = (
					"$(SDKROOT)/Developer/Library/Frameworks",
					"$(inherited)",
				);
				INFOPLIST_FILE = MyRoppingAppTests/Info.plist;
				LD_RUNPATH_SEARCH_PATHS = "$(inherited) @executable_path/Frameworks @loader_path/Frameworks";
				PRODUCT_NAME = "$(TARGET_NAME)";
				TEST_HOST = "$(BUILT_PRODUCTS_DIR)/MyRoppingApp.app/MyRoppingApp";
			};
			name = Release;
		};
/* End XCBuildConfiguration section */

/* Begin XCConfigurationList section */
		8DC895CA1B2172B900D995A1 /* Build configuration list for PBXProject "MyRoppingApp" */ = {
			isa = XCConfigurationList;
			buildConfigurations = (
				8DC895F01B2172BA00D995A1 /* Debug */,
				8DC895F11B2172BA00D995A1 /* Release */,
			);
			defaultConfigurationIsVisible = 0;
			defaultConfigurationName = Release;
		};
		8DC895F21B2172BA00D995A1 /* Build configuration list for PBXNativeTarget "MyRoppingApp" */ = {
			isa = XCConfigurationList;
			buildConfigurations = (
				8DC895F31B2172BA00D995A1 /* Debug */,
				8DC895F41B2172BA00D995A1 /* Release */,
			);
			defaultConfigurationIsVisible = 0;
			defaultConfigurationName = Release;
		};
		8DC895F51B2172BA00D995A1 /* Build configuration list for PBXNativeTarget "MyRoppingAppTests" */ = {
			isa = XCConfigurationList;
			buildConfigurations = (
				8DC895F61B2172BA00D995A1 /* Debug */,
				8DC895F71B2172BA00D995A1 /* Release */,
			);
			defaultConfigurationIsVisible = 0;
			defaultConfigurationName = Release;
		};
/* End XCConfigurationList section */
	};
	rootObject = 8DC895C71B2172B900D995A1 /* Project object */;
}
